
Microsoft Visual Studio Solution File, Format Version 12.00
# Visual Studio Version 16
VisualStudioVersion = 16.0.31025.194
MinimumVisualStudioVersion = 10.0.40219.1
Project("{9A19103F-16F7-4668-BE54-9A1E7A4F7556}") = "KnightMoves.Pipelines", "KnightMoves.Pipelines\KnightMoves.Pipelines.csproj", "{896FB421-0FDC-4A30-80A5-B88C2D02CCA8}"
EndProject
Project("{FAE04EC0-301F-11D3-BF4B-00C04F79EFBC}") = "KnightMoves.Pipelines.Tests", "KnightMoves.Pipelines.Tests\KnightMoves.Pipelines.Tests.csproj", "{EB774B7D-F729-4E2B-B7DC-54CA36A859DA}"
EndProject
Global
	GlobalSection(SolutionConfigurationPlatforms) = preSolution
		Debug|Any CPU = Debug|Any CPU
		Release|Any CPU = Release|Any CPU
	EndGlobalSection
	GlobalSection(ProjectConfigurationPlatforms) = postSolution
		{896FB421-0FDC-4A30-80A5-B88C2D02CCA8}.Debug|Any CPU.ActiveCfg = Debug|Any CPU
		{896FB421-0FDC-4A30-80A5-B88C2D02CCA8}.Debug|Any CPU.Build.0 = Debug|Any CPU
		{896FB421-0FDC-4A30-80A5-B88C2D02CCA8}.Release|Any CPU.ActiveCfg = Release|Any CPU
		{896FB421-0FDC-4A30-80A5-B88C2D02CCA8}.Release|Any CPU.Build.0 = Release|Any CPU
		{EB774B7D-F729-4E2B-B7DC-54CA36A859DA}.Debug|Any CPU.ActiveCfg = Debug|Any CPU
		{EB774B7D-F729-4E2B-B7DC-54CA36A859DA}.Debug|Any CPU.Build.0 = Debug|Any CPU
		{EB774B7D-F729-4E2B-B7DC-54CA36A859DA}.Release|Any CPU.ActiveCfg = Release|Any CPU
		{EB774B7D-F729-4E2B-B7DC-54CA36A859DA}.Release|Any CPU.Build.0 = Release|Any CPU
	EndGlobalSection
	GlobalSection(SolutionProperties) = preSolution
		HideSolutionNode = FALSE
	EndGlobalSection
	GlobalSection(ExtensibilityGlobals) = postSolution
		SolutionGuid = {F435FB0E-F052-4956-8AD1-23A8E79E8542}
	EndGlobalSection
EndGlobal
